
Microsoft Visual Studio Solution File, Format Version 12.00
# Visual Studio Version 16
VisualStudioVersion = 16.0.31410.357
MinimumVisualStudioVersion = 10.0.40219.1
Project("{8BC9CEB8-8B4A-11D0-8D11-00A0C91BC942}") = "ямп пара", "ямп пара\ямп пара.vcxproj", "{047AC717-2D6B-42F6-BDAD-00B0AC37D510}"
EndProject
Global
	GlobalSection(SolutionConfigurationPlatforms) = preSolution
		Debug|x64 = Debug|x64
		Debug|x86 = Debug|x86
		Release|x64 = Release|x64
		Release|x86 = Release|x86
	EndGlobalSection
	GlobalSection(ProjectConfigurationPlatforms) = postSolution
		{047AC717-2D6B-42F6-BDAD-00B0AC37D510}.Debug|x64.ActiveCfg = Debug|x64
		{047AC717-2D6B-42F6-BDAD-00B0AC37D510}.Debug|x64.Build.0 = Debug|x64
		{047AC717-2D6B-42F6-BDAD-00B0AC37D510}.Debug|x86.ActiveCfg = Debug|Win32
		{047AC717-2D6B-42F6-BDAD-00B0AC37D510}.Debug|x86.Build.0 = Debug|Win32
		{047AC717-2D6B-42F6-BDAD-00B0AC37D510}.Release|x64.ActiveCfg = Release|x64
		{047AC717-2D6B-42F6-BDAD-00B0AC37D510}.Release|x64.Build.0 = Release|x64
		{047AC717-2D6B-42F6-BDAD-00B0AC37D510}.Release|x86.ActiveCfg = Release|Win32
		{047AC717-2D6B-42F6-BDAD-00B0AC37D510}.Release|x86.Build.0 = Release|Win32
	EndGlobalSection
	GlobalSection(SolutionProperties) = preSolution
		HideSolutionNode = FALSE
	EndGlobalSection
	GlobalSection(ExtensibilityGlobals) = postSolution
		SolutionGuid = {2BE780F6-F9F9-43CC-A72C-AC6F2C67CA0E}
	EndGlobalSection
EndGlobal
